{
  "name": "SquidLast",
  "lockfileVersion": 3,
  "requires": true,
  "packages": {
    "": {
      "dependencies": {
        "@babylonjs/core": "^8.40.1"
      }
    },
    "node_modules/@babylonjs/core": {
      "version": "8.40.1",
      "resolved": "https://registry.npmjs.org/@babylonjs/core/-/core-8.40.1.tgz",
      "integrity": "sha512-J//Wodlu1m1elh3cKZUh4HillxVc4QxgWyJxUABFYtr0kfSzk2vwJ5f9F3BvEq3X+XU8dEEK7i9buU1aV6w11A==",
      "license": "Apache-2.0"
    }
  }
}
